github.com/aws/aws-sdk-go-v2 v1.43.5 h1:yKT5GYnFWhuDo+DqKvE5ZPwVn3RjC4MAeBtZGlh6AVM=
github.com/aws/aws-sdk-go-v2 v1.43.5/go.mod h1:wZjAJppCntyOGgVSmgVTfDyRJK5PHOasO6Wsy8U7Axk=
github.com/aws/aws-sdk-go-v2/aws/protocol/eventstream v1.7.14 h1:3IZY0XAJquT3aHzbkHfPzy4ACPcEjVG0x87KOwtpqGY=
github.com/aws/aws-sdk-go-v2/aws/protocol/eventstream v1.7.14/go.mod h1:zwM6veDkhGgQFqkBy+uT28AAYpLu+uFMlPl+rCg/73E=
github.com/aws/aws-sdk-go-v2/config v1.32.31 h1:n4nY9O3QKoHIkL85EX+V8RcMFtOhlpTFhGArg915PXk=
github.com/aws/aws-sdk-go-v2/config v1.32.31/go.mod h1:PN0NYDCCoOpGGsZ2+elDUidmHfQBPyYzN2GCgl8HEBs=
github.com/aws/aws-sdk-go-v2/credentials v1.19.30 h1:TTCvvzFU6gXa4iJecNG/0F/B0oYTiazoRECr2XyLHrY=
github.com/aws/aws-sdk-go-v2/credentials v1.19.30/go.mod h1:jKxAp2AEncnliinzpgOSZDFv6+VjvWhjw/AtbfsWT9U=
github.com/aws/aws-sdk-go-v2/feature/ec2/imds v1.18.31 h1:kfVL5wAunCJycL6MOQ6aNh6PlAYEymflcjuKmrWUA0o=
github.com/aws/aws-sdk-go-v2/feature/ec2/imds v1.18.31/go.mod h1:nWfRNDAppujCQgOUd43lKT4yeLv9z3nJ3bw1G3BgQKo=
github.com/aws/aws-sdk-go-v2/internal/configsources v1.4.36 h1:5CrzwxDqf4w3x1Vs3/NiZ0nsC34Hbm3pIDMWbsLebOE=
github.com/aws/aws-sdk-go-v2/internal/configsources v1.4.36/go.mod h1:A3gHdKZIvG/QXERzZwcxNS3RNDFcRCuhhTFBYp+V/nw=
github.com/aws/aws-sdk-go-v2/internal/endpoints/v2 v2.7.36 h1:A4N2f4YPcST0v+dWtX+xrpPPCL9VTBhoIFFUWYqbacE=
github.com/aws/aws-sdk-go-v2/internal/endpoints/v2 v2.7.36/go.mod h1:B/Qr859uxWUEfZeGotK5KAEoof4Q9YWgNtPSwV6jcyk=
github.com/aws/aws-sdk-go-v2/internal/v4a v1.4.32 h1:0MrUL35H/Y4kdFfItoR5jCgtDQ4Z/8LudAoIHRfA4hE=
github.com/aws/aws-sdk-go-v2/internal/v4a v1.4.32/go.mod h1:2tNZkuWz54arj8mHVf+8Y7cKkcD8Wr/fBpENgEXpjLc=
github.com/aws/aws-sdk-go-v2/service/cloudtrail v1.58.0 h1:0emgCpX7x4s80lZbktnRJBdLxs8LRgpKRDVORrNSz+o=
github.com/aws/aws-sdk-go-v2/service/cloudtrail v1.58.0/go.mod h1:Fe4hZhPz2Pd5Ip9F/x5F+qVZVwkhm9CL+FdvrDOwQWE=
github.com/aws/aws-sdk-go-v2/service/cloudwatchlogs v1.80.0 h1:8bwR4D8tjjCCJDyTQVNExR8/YwcM1j0gfcg+kZBDzug=
github.com/aws/aws-sdk-go-v2/service/cloudwatchlogs v1.80.0/go.mod h1:xTMcupQaB0rAXM3U+uf3UhleUEte+24wFd3BQsDlFQ8=
github.com/aws/aws-sdk-go-v2/service/configservice v1.68.0 h1:UxoyGnWauK+HJlcmrLo3iqmP/k8OPiK9A9lHiKN75Ns=
github.com/aws/aws-sdk-go-v2/service/configservice v1.68.0/go.mod h1:nNWWBcZRB4dTAbl9GluK2jsxhcQZrccMUlUQT8dmq/E=
github.com/aws/aws-sdk-go-v2/service/docdb v1.51.0 h1:CTHpP5wVykFpmzEPs5nF4Dq9IB2KUSVUdDw6sNBSmbI=
github.com/aws/aws-sdk-go-v2/service/docdb v1.51.0/go.mod h1:9/CWEVTnlgEHOip26dPx9Vnd1aSWMOWX/xncIh+B9K4=
github.com/aws/aws-sdk-go-v2/service/ec2 v1.317.0 h1:IkqA16g2hkQntk/K5+srT65TueoTDa7vGhZwqG9w6T4=
github.com/aws/aws-sdk-go-v2/service/ec2 v1.317.0/go.mod h1:dmz3SHr11/hwUijR6xfE/xDRNHcjJwJWZ9ASZdkjGeg=
github.com/aws/aws-sdk-go-v2/service/ecs v1.89.0 h1:Y2xyDc+4y7PX7VeT9ZSxyaorH4I4jx5rPJN8V/FRqso=
github.com/aws/aws-sdk-go-v2/service/ecs v1.89.0/go.mod h1:hntrqC7aHKhK1Q6DX1QEZHH+qkqnhiR/pFCjH0ik5nA=
github.com/aws/aws-sdk-go-v2/service/elasticloadbalancingv2 v1.58.1 h1:4KFrMyyOVeXiP4wiDaeevlV73qemxrMY1qN/pmW6My8=
github.com/aws/aws-sdk-go-v2/service/elasticloadbalancingv2 v1.58.1/go.mod h1:8oLCSyyky75OpQ8Lo72GuoJXbeaEb1R8+dHgQOgWKaI=
github.com/aws/aws-sdk-go-v2/service/iam v1.56.0 h1:qMlfpx3Riusio6auCZEzO+2pSa60vIodTCHkKlR3Lrw=
github.com/aws/aws-sdk-go-v2/service/iam v1.56.0/go.mod h1:w1gyo7MshvXbLKPOLcsCn/TcvRQQRhZ7r7eS+cF6km4=
github.com/aws/aws-sdk-go-v2/service/internal/accept-encoding v1.13.13 h1:mbRIur/BiHK6SKPjoBIXSE/hJ6g6JGRLuxQy1jGjlN4=
github.com/aws/aws-sdk-go-v2/service/internal/accept-encoding v1.13.13/go.mod h1:ITg9em2KbJx1s0y4aqRX5OYWG6HBZ5TVR//OdpEZ2CQ=
github.com/aws/aws-sdk-go-v2/service/internal/checksum v1.9.24 h1:mdPwDQPqxlw9Sc62Nt15yjEcARaDbPXkjRYtXsUripo=
github.com/aws/aws-sdk-go-v2/service/internal/checksum v1.9.24/go.mod h1:ls5ytnwLTcQaUu32fMYXFI3MjpKuTwL840PAm9iqyEg=
github.com/aws/aws-sdk-go-v2/service/internal/presigned-url v1.13.31 h1:w2SIhW92DZPFrSL4ksVCr8IYff5OZwIcxg8+95tzvAI=
github.com/aws/aws-sdk-go-v2/service/internal/presigned-url v1.13.31/go.mod h1:wAhpCQbkov+IcvjozJbd2xRCoZybUEHNkcFunssNACg=
github.com/aws/aws-sdk-go-v2/service/internal/s3shared v1.19.32 h1:jWXtZdCnhXa9sGFixRaU2AxT4DIVse9HS4E2f+/KwV0=
github.com/aws/aws-sdk-go-v2/service/internal/s3shared v1.19.32/go.mod h1:9JS1UpfVvyD/ZPX8GsKb/Pq8scEM+7GP5fqh9SwH7po=
github.com/aws/aws-sdk-go-v2/service/kms v1.55.0 h1:uB8ymkVosyourmGXCZHyWhJ4wuKA4xq3ii2dVMPtBZY=
github.com/aws/aws-sdk-go-v2/service/kms v1.55.0/go.mod h1:rK4RITSY/qJw3qVJ7p19fceOWuvrisqqOChFkX05n5I=
github.com/aws/aws-sdk-go-v2/service/lambda v1.100.0 h1:+yo2c/jxcKL9QTNd9kXuHnqQadTAGbLu0Gd6UpgHR/E=
github.com/aws/aws-sdk-go-v2/service/lambda v1.100.0/go.mod h1:MqXYA1KLFNcpHpxuCtn9ozip1D/xoGBY5oUOTFsjl4I=
github.com/aws/aws-sdk-go-v2/service/neptune v1.48.0 h1:v1pX4hILg8phgfPiqkB4zpvQRjKrf92EyVj36orOt3o=
github.com/aws/aws-sdk-go-v2/service/neptune v1.48.0/go.mod h1:0q53h/v4NmkxMoIkml6FueJisqFC2eL5UHcNFt/DRko=
github.com/aws/aws-sdk-go-v2/service/rds v1.123.0 h1:RZFP5elGZ7WRYuLScbx41DPUQaWfYadpywZij9z9p8U=
github.com/aws/aws-sdk-go-v2/service/rds v1.123.0/go.mod h1:3SltwJWYlbf00Rh02s42VpyHl+YMk34UA3+R/zb76dw=
github.com/aws/aws-sdk-go-v2/service/redshift v1.65.0 h1:WhLW6QV8Agopyeoi0k/5kwINFdric3Irb2gXth1hz/M=
github.com/aws/aws-sdk-go-v2/service/redshift v1.65.0/go.mod h1:eKM945fsEgEQjwX6yZIHg4DV9dbs1pLZZPDB+egu3fs=
github.com/aws/aws-sdk-go-v2/service/s3 v1.106.0 h1:7QZWVJZWzHivHWIa+5TELLaBBkbuoj0GPwQtMlJ0sqk=
github.com/aws/aws-sdk-go-v2/service/s3 v1.106.0/go.mod h1:fcvq5L7dK+5cQFicEJwpI6e6Wn8NY2i6yT5wRLYVc7s=
github.com/aws/aws-sdk-go-v2/service/secretsmanager v1.44.0 h1:pFFG4fjjuxCrCnAQJg/O33h947MBR8dvQb+FX93Ed+k=
github.com/aws/aws-sdk-go-v2/service/secretsmanager v1.44.0/go.mod h1:62iixi6C/4RcKklwtnn+LATl9ZyisVjf6ahGmITBpYA=
github.com/aws/aws-sdk-go-v2/service/signin v1.5.0 h1:OHH5iTQvVGmfHjX/5Q+vFuA/Rf2x6/95aJ/75QCQSm4=
github.com/aws/aws-sdk-go-v2/service/signin v1.5.0/go.mod h1:mCF3AK9PpL49oOrhniUXWAfhVBVQ/XbytoE5eccZUIs=
github.com/aws/aws-sdk-go-v2/service/sqs v1.46.5 h1:k/vdm0VvoLYjwCMXhfgFa0u93QygN//dIAud2m4w51g=
github.com/aws/aws-sdk-go-v2/service/sqs v1.46.5/go.mod h1:TCFydwE7dFonXP+kd641caqfCIXWVdh+tFAu5V5Seks=
github.com/aws/aws-sdk-go-v2/service/sso v1.33.0 h1:CaJyYhxBE0M/HJX/YvSaSmQlsI91VHB0lKU8LtLxL3A=
github.com/aws/aws-sdk-go-v2/service/sso v1.33.0/go.mod h1:+e6BMRMPjBQoCw/WovYR9GLy2IU0z4Q77smOB1DraSg=
github.com/aws/aws-sdk-go-v2/service/ssooidc v1.38.0 h1:tC323YV77QdafeBr6LUhLDTsboyuyHLNRwAyCP44kGU=
github.com/aws/aws-sdk-go-v2/service/ssooidc v1.38.0/go.mod h1:SfLK1sgviHmbI+MozR9iDwDjL4cdCVZtahsjoR+z7wg=
github.com/aws/aws-sdk-go-v2/service/sts v1.45.0 h1:Pd6PNlp4t8PTXxqzstICl52Wsy78vpjFZ7PRUj44mJc=
github.com/aws/aws-sdk-go-v2/service/sts v1.45.0/go.mod h1:rmQ0TnHzuLPmabgjPcsywhsSOmaBDgzR4zvDxSPsGdg=
github.com/aws/smithy-go v1.27.7 h1:Zgj5z4LfcDYoQIVk+n/yGdTkP/2y6ZT5vYxe0fp7bqE=
github.com/aws/smithy-go v1.27.7/go.mod h1:YE2RhdIuDbA5E5bTdciG9KrW3+TiEONeUWCqxX9i1Fc=
github.com/gorilla/websocket v1.5.3 h1:saDtZ6Pbx/0u+bgYQ3q96pZgCzfhKXGPqt7kZ72aNNg=
github.com/gorilla/websocket v1.5.3/go.mod h1:YR8l580nyteQvAITg2hZ9XVh4b55+EU/adAjf1fMHhE=
